
Microsoft Visual Studio Solution File, Format Version 11.00
# Visual Studio 2010
Project("{FAE04EC0-301F-11D3-BF4B-00C04F79EFBC}") = "Assembly-CSharp", "Assembly-CSharp.csproj", "{AB6B05B5-3F04-0D22-162C-4AECF6B7BA37}"
EndProject
Project("{FAE04EC0-301F-11D3-BF4B-00C04F79EFBC}") = "Assembly-CSharp-Editor", "Assembly-CSharp-Editor.csproj", "{4556879F-468A-346A-623E-94504AE64A85}"
EndProject
Global
	GlobalSection(SolutionConfigurationPlatforms) = preSolution
		Debug|Any CPU = Debug|Any CPU
		Release|Any CPU = Release|Any CPU
	EndGlobalSection
	GlobalSection(ProjectConfigurationPlatforms) = postSolution
		{AB6B05B5-3F04-0D22-162C-4AECF6B7BA37}.Debug|Any CPU.ActiveCfg = Debug|Any CPU
		{AB6B05B5-3F04-0D22-162C-4AECF6B7BA37}.Debug|Any CPU.Build.0 = Debug|Any CPU
		{AB6B05B5-3F04-0D22-162C-4AECF6B7BA37}.Release|Any CPU.ActiveCfg = Release|Any CPU
		{AB6B05B5-3F04-0D22-162C-4AECF6B7BA37}.Release|Any CPU.Build.0 = Release|Any CPU
		{4556879F-468A-346A-623E-94504AE64A85}.Debug|Any CPU.ActiveCfg = Debug|Any CPU
		{4556879F-468A-346A-623E-94504AE64A85}.Debug|Any CPU.Build.0 = Debug|Any CPU
		{4556879F-468A-346A-623E-94504AE64A85}.Release|Any CPU.ActiveCfg = Release|Any CPU
		{4556879F-468A-346A-623E-94504AE64A85}.Release|Any CPU.Build.0 = Release|Any CPU
	EndGlobalSection
	GlobalSection(SolutionProperties) = preSolution
		HideSolutionNode = FALSE
	EndGlobalSection
	GlobalSection(MonoDevelopProperties) = preSolution
		StartupItem = Assembly-CSharp.csproj
	EndGlobalSection
EndGlobal
